{
  "requires": true,
  "lockfileVersion": 1,
  "dependencies": {
    "emailjs-com": {
      "version": "2.2.4",
      "resolved": "https://registry.npmjs.org/emailjs-com/-/emailjs-com-2.2.4.tgz",
      "integrity": "sha512-Pm29HoSxEIKLv7p6rxOPpKFqLnf2JaHTl6coql59r8MNRNW49Mim65s7yoWAqQhZ+Mk4GFmQsiPSFXD6Gnm4BQ==",
      "requires": {
        "promise-polyfill": "7.1.0"
      }
    },
    "promise-polyfill": {
      "version": "7.1.0",
      "resolved": "https://registry.npmjs.org/promise-polyfill/-/promise-polyfill-7.1.0.tgz",
      "integrity": "sha512-P6NJ2wU/8fac44ENORsuqT8TiolKGB2u0fEClPtXezn7w5cmLIjM/7mhPlTebke2EPr6tmqZbXvnX0TxwykGrg=="
    }
  }
}
